
Microsoft Visual Studio Solution File, Format Version 12.00
# Visual Studio Version 17
VisualStudioVersion = 17.7.34202.233
MinimumVisualStudioVersion = 10.0.40219.1
Project("{2150E333-8FDC-42A3-9474-1A3956D46DE8}") = "src", "src", "{6259F61B-40FF-4A6D-8038-C57E6B102DA3}"
EndProject
Project("{9A19103F-16F7-4668-BE54-9A1E7A4F7556}") = "MasstransitRabbitMQ.Producer.API", "MasstransitRabbitMQ.Producer.API\MasstransitRabbitMQ.Producer.API.csproj", "{C75F0A4F-6A3A-468B-920A-33B70DFE21F1}"
EndProject
Project("{9A19103F-16F7-4668-BE54-9A1E7A4F7556}") = "MasstransitRabbitMQ.Contract", "MasstransitRabbitMQ.Contract\MasstransitRabbitMQ.Contract.csproj", "{B20EB2A5-C16F-474D-9926-0C550CC1FB1D}"
EndProject
Project("{FAE04EC0-301F-11D3-BF4B-00C04F79EFBC}") = "MasstransitRabbitMQ.Consumer.API", "MasstransitRabbitMQ.Consumer.API\MasstransitRabbitMQ.Consumer.API.csproj", "{D2FF3EA8-3DC7-4CCF-83F5-5BF24E598592}"
EndProject
Global
	GlobalSection(SolutionConfigurationPlatforms) = preSolution
		Debug|Any CPU = Debug|Any CPU
		Release|Any CPU = Release|Any CPU
	EndGlobalSection
	GlobalSection(ProjectConfigurationPlatforms) = postSolution
		{C75F0A4F-6A3A-468B-920A-33B70DFE21F1}.Debug|Any CPU.ActiveCfg = Debug|Any CPU
		{C75F0A4F-6A3A-468B-920A-33B70DFE21F1}.Debug|Any CPU.Build.0 = Debug|Any CPU
		{C75F0A4F-6A3A-468B-920A-33B70DFE21F1}.Release|Any CPU.ActiveCfg = Release|Any CPU
		{C75F0A4F-6A3A-468B-920A-33B70DFE21F1}.Release|Any CPU.Build.0 = Release|Any CPU
		{B20EB2A5-C16F-474D-9926-0C550CC1FB1D}.Debug|Any CPU.ActiveCfg = Debug|Any CPU
		{B20EB2A5-C16F-474D-9926-0C550CC1FB1D}.Debug|Any CPU.Build.0 = Debug|Any CPU
		{B20EB2A5-C16F-474D-9926-0C550CC1FB1D}.Release|Any CPU.ActiveCfg = Release|Any CPU
		{B20EB2A5-C16F-474D-9926-0C550CC1FB1D}.Release|Any CPU.Build.0 = Release|Any CPU
		{D2FF3EA8-3DC7-4CCF-83F5-5BF24E598592}.Debug|Any CPU.ActiveCfg = Debug|Any CPU
		{D2FF3EA8-3DC7-4CCF-83F5-5BF24E598592}.Debug|Any CPU.Build.0 = Debug|Any CPU
		{D2FF3EA8-3DC7-4CCF-83F5-5BF24E598592}.Release|Any CPU.ActiveCfg = Release|Any CPU
		{D2FF3EA8-3DC7-4CCF-83F5-5BF24E598592}.Release|Any CPU.Build.0 = Release|Any CPU
	EndGlobalSection
	GlobalSection(SolutionProperties) = preSolution
		HideSolutionNode = FALSE
	EndGlobalSection
	GlobalSection(NestedProjects) = preSolution
		{C75F0A4F-6A3A-468B-920A-33B70DFE21F1} = {6259F61B-40FF-4A6D-8038-C57E6B102DA3}
		{B20EB2A5-C16F-474D-9926-0C550CC1FB1D} = {6259F61B-40FF-4A6D-8038-C57E6B102DA3}
		{D2FF3EA8-3DC7-4CCF-83F5-5BF24E598592} = {6259F61B-40FF-4A6D-8038-C57E6B102DA3}
	EndGlobalSection
	GlobalSection(ExtensibilityGlobals) = postSolution
		SolutionGuid = {B70687B9-F45E-46E7-8862-A7DE244F01D0}
	EndGlobalSection
EndGlobal
